
Microsoft Visual Studio Solution File, Format Version 12.00
# Visual Studio 15
VisualStudioVersion = 15.0.27130.2027
MinimumVisualStudioVersion = 10.0.40219.1
Project("{FAE04EC0-301F-11D3-BF4B-00C04F79EFBC}") = "BebaAgua.Android", "BebaAgua\BebaAgua.Android\BebaAgua.Android.csproj", "{6E963DA1-7501-4BC7-AFFA-DCF6E2C0A061}"
EndProject
Project("{FAE04EC0-301F-11D3-BF4B-00C04F79EFBC}") = "BebaAgua.iOS", "BebaAgua\BebaAgua.iOS\BebaAgua.iOS.csproj", "{87BF764C-4AC2-4A01-9916-A01D7E95D7C6}"
EndProject
Project("{FAE04EC0-301F-11D3-BF4B-00C04F79EFBC}") = "BebaAgua.UWP", "BebaAgua\BebaAgua.UWP\BebaAgua.UWP.csproj", "{58636492-3701-437C-94CF-9AD6C61BD74A}"
EndProject
Project("{9A19103F-16F7-4668-BE54-9A1E7A4F7556}") = "BebaAgua", "BebaAgua\BebaAgua\BebaAgua.csproj", "{6E4D2F02-B123-4322-B943-12520639922E}"
EndProject
Global
	GlobalSection(SolutionConfigurationPlatforms) = preSolution
		Ad-Hoc|Any CPU = Ad-Hoc|Any CPU
		Ad-Hoc|ARM = Ad-Hoc|ARM
		Ad-Hoc|iPhone = Ad-Hoc|iPhone
		Ad-Hoc|iPhoneSimulator = Ad-Hoc|iPhoneSimulator
		Ad-Hoc|x64 = Ad-Hoc|x64
		Ad-Hoc|x86 = Ad-Hoc|x86
		AppStore|Any CPU = AppStore|Any CPU
		AppStore|ARM = AppStore|ARM
		AppStore|iPhone = AppStore|iPhone
		AppStore|iPhoneSimulator = AppStore|iPhoneSimulator
		AppStore|x64 = AppStore|x64
		AppStore|x86 = AppStore|x86
		Debug|Any CPU = Debug|Any CPU
		Debug|ARM = Debug|ARM
		Debug|iPhone = Debug|iPhone
		Debug|iPhoneSimulator = Debug|iPhoneSimulator
		Debug|x64 = Debug|x64
		Debug|x86 = Debug|x86
		Release|Any CPU = Release|Any CPU
		Release|ARM = Release|ARM
		Release|iPhone = Release|iPhone
		Release|iPhoneSimulator = Release|iPhoneSimulator
		Release|x64 = Release|x64
		Release|x86 = Release|x86
	EndGlobalSection
	GlobalSection(ProjectConfigurationPlatforms) = postSolution
		{6E963DA1-7501-4BC7-AFFA-DCF6E2C0A061}.Ad-Hoc|Any CPU.ActiveCfg = Release|Any CPU
		{6E963DA1-7501-4BC7-AFFA-DCF6E2C0A061}.Ad-Hoc|Any CPU.Build.0 = Release|Any CPU
		{6E963DA1-7501-4BC7-AFFA-DCF6E2C0A061}.Ad-Hoc|Any CPU.Deploy.0 = Release|Any CPU
		{6E963DA1-7501-4BC7-AFFA-DCF6E2C0A061}.Ad-Hoc|ARM.ActiveCfg = Release|Any CPU
		{6E963DA1-7501-4BC7-AFFA-DCF6E2C0A061}.Ad-Hoc|ARM.Build.0 = Release|Any CPU
		{6E963DA1-7501-4BC7-AFFA-DCF6E2C0A061}.Ad-Hoc|ARM.Deploy.0 = Release|Any CPU
		{6E963DA1-7501-4BC7-AFFA-DCF6E2C0A061}.Ad-Hoc|iPhone.ActiveCfg = Release|Any CPU
		{6E963DA1-7501-4BC7-AFFA-DCF6E2C0A061}.Ad-Hoc|iPhone.Build.0 = Release|Any CPU
		{6E963DA1-7501-4BC7-AFFA-DCF6E2C0A061}.Ad-Hoc|iPhone.Deploy.0 = Release|Any CPU
		{6E963DA1-7501-4BC7-AFFA-DCF6E2C0A061}.Ad-Hoc|iPhoneSimulator.ActiveCfg = Release|Any CPU
		{6E963DA1-7501-4BC7-AFFA-DCF6E2C0A061}.Ad-Hoc|iPhoneSimulator.Build.0 = Release|Any CPU
		{6E963DA1-7501-4BC7-AFFA-DCF6E2C0A061}.Ad-Hoc|iPhoneSimulator.Deploy.0 = Release|Any CPU
		{6E963DA1-7501-4BC7-AFFA-DCF6E2C0A061}.Ad-Hoc|x64.ActiveCfg = Release|Any CPU
		{6E963DA1-7501-4BC7-AFFA-DCF6E2C0A061}.Ad-Hoc|x64.Build.0 = Release|Any CPU
		{6E963DA1-7501-4BC7-AFFA-DCF6E2C0A061}.Ad-Hoc|x64.Deploy.0 = Release|Any CPU
		{6E963DA1-7501-4BC7-AFFA-DCF6E2C0A061}.Ad-Hoc|x86.ActiveCfg = Release|Any CPU
		{6E963DA1-7501-4BC7-AFFA-DCF6E2C0A061}.Ad-Hoc|x86.Build.0 = Release|Any CPU
		{6E963DA1-7501-4BC7-AFFA-DCF6E2C0A061}.Ad-Hoc|x86.Deploy.0 = Release|Any CPU
		{6E963DA1-7501-4BC7-AFFA-DCF6E2C0A061}.AppStore|Any CPU.ActiveCfg = Release|Any CPU
		{6E963DA1-7501-4BC7-AFFA-DCF6E2C0A061}.AppStore|Any CPU.Build.0 = Release|Any CPU
		{6E963DA1-7501-4BC7-AFFA-DCF6E2C0A061}.AppStore|Any CPU.Deploy.0 = Release|Any CPU
		{6E963DA1-7501-4BC7-AFFA-DCF6E2C0A061}.AppStore|ARM.ActiveCfg = Release|Any CPU
		{6E963DA1-7501-4BC7-AFFA-DCF6E2C0A061}.AppStore|ARM.Build.0 = Release|Any CPU
		{6E963DA1-7501-4BC7-AFFA-DCF6E2C0A061}.AppStore|ARM.Deploy.0 = Release|Any CPU
		{6E963DA1-7501-4BC7-AFFA-DCF6E2C0A061}.AppStore|iPhone.ActiveCfg = Release|Any CPU
		{6E963DA1-7501-4BC7-AFFA-DCF6E2C0A061}.AppStore|iPhone.Build.0 = Release|Any CPU
		{6E963DA1-7501-4BC7-AFFA-DCF6E2C0A061}.AppStore|iPhone.Deploy.0 = Release|Any CPU
		{6E963DA1-7501-4BC7-AFFA-DCF6E2C0A061}.AppStore|iPhoneSimulator.ActiveCfg = Release|Any CPU
		{6E963DA1-7501-4BC7-AFFA-DCF6E2C0A061}.AppStore|iPhoneSimulator.Build.0 = Release|Any CPU
		{6E963DA1-7501-4BC7-AFFA-DCF6E2C0A061}.AppStore|iPhoneSimulator.Deploy.0 = Release|Any CPU
		{6E963DA1-7501-4BC7-AFFA-DCF6E2C0A061}.AppStore|x64.ActiveCfg = Release|Any CPU
		{6E963DA1-7501-4BC7-AFFA-DCF6E2C0A061}.AppStore|x64.Build.0 = Release|Any CPU
		{6E963DA1-7501-4BC7-AFFA-DCF6E2C0A061}.AppStore|x64.Deploy.0 = Release|Any CPU
		{6E963DA1-7501-4BC7-AFFA-DCF6E2C0A061}.AppStore|x86.ActiveCfg = Release|Any CPU
		{6E963DA1-7501-4BC7-AFFA-DCF6E2C0A061}.AppStore|x86.Build.0 = Release|Any CPU
		{6E963DA1-7501-4BC7-AFFA-DCF6E2C0A061}.AppStore|x86.Deploy.0 = Release|Any CPU
		{6E963DA1-7501-4BC7-AFFA-DCF6E2C0A061}.Debug|Any CPU.ActiveCfg = Debug|Any CPU
		{6E963DA1-7501-4BC7-AFFA-DCF6E2C0A061}.Debug|Any CPU.Build.0 = Debug|Any CPU
		{6E963DA1-7501-4BC7-AFFA-DCF6E2C0A061}.Debug|Any CPU.Deploy.0 = Debug|Any CPU
		{6E963DA1-7501-4BC7-AFFA-DCF6E2C0A061}.Debug|ARM.ActiveCfg = Debug|Any CPU
		{6E963DA1-7501-4BC7-AFFA-DCF6E2C0A061}.Debug|ARM.Build.0 = Debug|Any CPU
		{6E963DA1-7501-4BC7-AFFA-DCF6E2C0A061}.Debug|ARM.Deploy.0 = Debug|Any CPU
		{6E963DA1-7501-4BC7-AFFA-DCF6E2C0A061}.Debug|iPhone.ActiveCfg = Debug|Any CPU
		{6E963DA1-7501-4BC7-AFFA-DCF6E2C0A061}.Debug|iPhone.Build.0 = Debug|Any CPU
		{6E963DA1-7501-4BC7-AFFA-DCF6E2C0A061}.Debug|iPhone.Deploy.0 = Debug|Any CPU
		{6E963DA1-7501-4BC7-AFFA-DCF6E2C0A061}.Debug|iPhoneSimulator.ActiveCfg = Debug|Any CPU
		{6E963DA1-7501-4BC7-AFFA-DCF6E2C0A061}.Debug|iPhoneSimulator.Build.0 = Debug|Any CPU
		{6E963DA1-7501-4BC7-AFFA-DCF6E2C0A061}.Debug|iPhoneSimulator.Deploy.0 = Debug|Any CPU
		{6E963DA1-7501-4BC7-AFFA-DCF6E2C0A061}.Debug|x64.ActiveCfg = Debug|Any CPU
		{6E963DA1-7501-4BC7-AFFA-DCF6E2C0A061}.Debug|x64.Build.0 = Debug|Any CPU
		{6E963DA1-7501-4BC7-AFFA-DCF6E2C0A061}.Debug|x64.Deploy.0 = Debug|Any CPU
		{6E963DA1-7501-4BC7-AFFA-DCF6E2C0A061}.Debug|x86.ActiveCfg = Debug|Any CPU
		{6E963DA1-7501-4BC7-AFFA-DCF6E2C0A061}.Debug|x86.Build.0 = Debug|Any CPU
		{6E963DA1-7501-4BC7-AFFA-DCF6E2C0A061}.Debug|x86.Deploy.0 = Debug|Any CPU
		{6E963DA1-7501-4BC7-AFFA-DCF6E2C0A061}.Release|Any CPU.ActiveCfg = Release|Any CPU
		{6E963DA1-7501-4BC7-AFFA-DCF6E2C0A061}.Release|Any CPU.Build.0 = Release|Any CPU
		{6E963DA1-7501-4BC7-AFFA-DCF6E2C0A061}.Release|Any CPU.Deploy.0 = Release|Any CPU
		{6E963DA1-7501-4BC7-AFFA-DCF6E2C0A061}.Release|ARM.ActiveCfg = Release|Any CPU
		{6E963DA1-7501-4BC7-AFFA-DCF6E2C0A061}.Release|ARM.Build.0 = Release|Any CPU
		{6E963DA1-7501-4BC7-AFFA-DCF6E2C0A061}.Release|ARM.Deploy.0 = Release|Any CPU
		{6E963DA1-7501-4BC7-AFFA-DCF6E2C0A061}.Release|iPhone.ActiveCfg = Release|Any CPU
		{6E963DA1-7501-4BC7-AFFA-DCF6E2C0A061}.Release|iPhone.Build.0 = Release|Any CPU
		{6E963DA1-7501-4BC7-AFFA-DCF6E2C0A061}.Release|iPhone.Deploy.0 = Release|Any CPU
		{6E963DA1-7501-4BC7-AFFA-DCF6E2C0A061}.Release|iPhoneSimulator.ActiveCfg = Release|Any CPU
		{6E963DA1-7501-4BC7-AFFA-DCF6E2C0A061}.Release|iPhoneSimulator.Build.0 = Release|Any CPU
		{6E963DA1-7501-4BC7-AFFA-DCF6E2C0A061}.Release|iPhoneSimulator.Deploy.0 = Release|Any CPU
		{6E963DA1-7501-4BC7-AFFA-DCF6E2C0A061}.Release|x64.ActiveCfg = Release|Any CPU
		{6E963DA1-7501-4BC7-AFFA-DCF6E2C0A061}.Release|x64.Build.0 = Release|Any CPU
		{6E963DA1-7501-4BC7-AFFA-DCF6E2C0A061}.Release|x64.Deploy.0 = Release|Any CPU
		{6E963DA1-7501-4BC7-AFFA-DCF6E2C0A061}.Release|x86.ActiveCfg = Release|Any CPU
		{6E963DA1-7501-4BC7-AFFA-DCF6E2C0A061}.Release|x86.Build.0 = Release|Any CPU
		{6E963DA1-7501-4BC7-AFFA-DCF6E2C0A061}.Release|x86.Deploy.0 = Release|Any CPU
		{87BF764C-4AC2-4A01-9916-A01D7E95D7C6}.Ad-Hoc|Any CPU.ActiveCfg = Ad-Hoc|iPhone
		{87BF764C-4AC2-4A01-9916-A01D7E95D7C6}.Ad-Hoc|ARM.ActiveCfg = Ad-Hoc|iPhone
		{87BF764C-4AC2-4A01-9916-A01D7E95D7C6}.Ad-Hoc|iPhone.ActiveCfg = Ad-Hoc|iPhone
		{87BF764C-4AC2-4A01-9916-A01D7E95D7C6}.Ad-Hoc|iPhone.Build.0 = Ad-Hoc|iPhone
		{87BF764C-4AC2-4A01-9916-A01D7E95D7C6}.Ad-Hoc|iPhoneSimulator.ActiveCfg = Ad-Hoc|iPhoneSimulator
		{87BF764C-4AC2-4A01-9916-A01D7E95D7C6}.Ad-Hoc|iPhoneSimulator.Build.0 = Ad-Hoc|iPhoneSimulator
		{87BF764C-4AC2-4A01-9916-A01D7E95D7C6}.Ad-Hoc|x64.ActiveCfg = Ad-Hoc|iPhone
		{87BF764C-4AC2-4A01-9916-A01D7E95D7C6}.Ad-Hoc|x86.ActiveCfg = Ad-Hoc|iPhone
		{87BF764C-4AC2-4A01-9916-A01D7E95D7C6}.AppStore|Any CPU.ActiveCfg = AppStore|iPhone
		{87BF764C-4AC2-4A01-9916-A01D7E95D7C6}.AppStore|ARM.ActiveCfg = AppStore|iPhone
		{87BF764C-4AC2-4A01-9916-A01D7E95D7C6}.AppStore|iPhone.ActiveCfg = AppStore|iPhone
		{87BF764C-4AC2-4A01-9916-A01D7E95D7C6}.AppStore|iPhone.Build.0 = AppStore|iPhone
		{87BF764C-4AC2-4A01-9916-A01D7E95D7C6}.AppStore|iPhoneSimulator.ActiveCfg = AppStore|iPhoneSimulator
		{87BF764C-4AC2-4A01-9916-A01D7E95D7C6}.AppStore|iPhoneSimulator.Build.0 = AppStore|iPhoneSimulator
		{87BF764C-4AC2-4A01-9916-A01D7E95D7C6}.AppStore|x64.ActiveCfg = AppStore|iPhone
		{87BF764C-4AC2-4A01-9916-A01D7E95D7C6}.AppStore|x86.ActiveCfg = AppStore|iPhone
		{87BF764C-4AC2-4A01-9916-A01D7E95D7C6}.Debug|Any CPU.ActiveCfg = Debug|iPhone
		{87BF764C-4AC2-4A01-9916-A01D7E95D7C6}.Debug|ARM.ActiveCfg = Debug|iPhone
		{87BF764C-4AC2-4A01-9916-A01D7E95D7C6}.Debug|iPhone.ActiveCfg = Debug|iPhone
		{87BF764C-4AC2-4A01-9916-A01D7E95D7C6}.Debug|iPhone.Build.0 = Debug|iPhone
		{87BF764C-4AC2-4A01-9916-A01D7E95D7C6}.Debug|iPhoneSimulator.ActiveCfg = Debug|iPhoneSimulator
		{87BF764C-4AC2-4A01-9916-A01D7E95D7C6}.Debug|iPhoneSimulator.Build.0 = Debug|iPhoneSimulator
		{87BF764C-4AC2-4A01-9916-A01D7E95D7C6}.Debug|x64.ActiveCfg = Debug|iPhone
		{87BF764C-4AC2-4A01-9916-A01D7E95D7C6}.Debug|x86.ActiveCfg = Debug|iPhone
		{87BF764C-4AC2-4A01-9916-A01D7E95D7C6}.Release|Any CPU.ActiveCfg = Release|iPhone
		{87BF764C-4AC2-4A01-9916-A01D7E95D7C6}.Release|ARM.ActiveCfg = Release|iPhone
		{87BF764C-4AC2-4A01-9916-A01D7E95D7C6}.Release|iPhone.ActiveCfg = Release|iPhone
		{87BF764C-4AC2-4A01-9916-A01D7E95D7C6}.Release|iPhone.Build.0 = Release|iPhone
		{87BF764C-4AC2-4A01-9916-A01D7E95D7C6}.Release|iPhoneSimulator.ActiveCfg = Release|iPhoneSimulator
		{87BF764C-4AC2-4A01-9916-A01D7E95D7C6}.Release|iPhoneSimulator.Build.0 = Release|iPhoneSimulator
		{87BF764C-4AC2-4A01-9916-A01D7E95D7C6}.Release|x64.ActiveCfg = Release|iPhone
		{87BF764C-4AC2-4A01-9916-A01D7E95D7C6}.Release|x86.ActiveCfg = Release|iPhone
		{58636492-3701-437C-94CF-9AD6C61BD74A}.Ad-Hoc|Any CPU.ActiveCfg = Release|x86
		{58636492-3701-437C-94CF-9AD6C61BD74A}.Ad-Hoc|Any CPU.Build.0 = Release|x86
		{58636492-3701-437C-94CF-9AD6C61BD74A}.Ad-Hoc|Any CPU.Deploy.0 = Release|x86
		{58636492-3701-437C-94CF-9AD6C61BD74A}.Ad-Hoc|ARM.ActiveCfg = Release|ARM
		{58636492-3701-437C-94CF-9AD6C61BD74A}.Ad-Hoc|ARM.Build.0 = Release|ARM
		{58636492-3701-437C-94CF-9AD6C61BD74A}.Ad-Hoc|ARM.Deploy.0 = Release|ARM
		{58636492-3701-437C-94CF-9AD6C61BD74A}.Ad-Hoc|iPhone.ActiveCfg = Release|x86
		{58636492-3701-437C-94CF-9AD6C61BD74A}.Ad-Hoc|iPhone.Build.0 = Release|x86
		{58636492-3701-437C-94CF-9AD6C61BD74A}.Ad-Hoc|iPhone.Deploy.0 = Release|x86
		{58636492-3701-437C-94CF-9AD6C61BD74A}.Ad-Hoc|iPhoneSimulator.ActiveCfg = Release|x86
		{58636492-3701-437C-94CF-9AD6C61BD74A}.Ad-Hoc|iPhoneSimulator.Build.0 = Release|x86
		{58636492-3701-437C-94CF-9AD6C61BD74A}.Ad-Hoc|iPhoneSimulator.Deploy.0 = Release|x86
		{58636492-3701-437C-94CF-9AD6C61BD74A}.Ad-Hoc|x64.ActiveCfg = Release|x64
		{58636492-3701-437C-94CF-9AD6C61BD74A}.Ad-Hoc|x64.Build.0 = Release|x64
		{58636492-3701-437C-94CF-9AD6C61BD74A}.Ad-Hoc|x64.Deploy.0 = Release|x64
		{58636492-3701-437C-94CF-9AD6C61BD74A}.Ad-Hoc|x86.ActiveCfg = Release|x86
		{58636492-3701-437C-94CF-9AD6C61BD74A}.Ad-Hoc|x86.Build.0 = Release|x86
		{58636492-3701-437C-94CF-9AD6C61BD74A}.Ad-Hoc|x86.Deploy.0 = Release|x86
		{58636492-3701-437C-94CF-9AD6C61BD74A}.AppStore|Any CPU.ActiveCfg = Release|x86
		{58636492-3701-437C-94CF-9AD6C61BD74A}.AppStore|Any CPU.Build.0 = Release|x86
		{58636492-3701-437C-94CF-9AD6C61BD74A}.AppStore|Any CPU.Deploy.0 = Release|x86
		{58636492-3701-437C-94CF-9AD6C61BD74A}.AppStore|ARM.ActiveCfg = Release|ARM
		{58636492-3701-437C-94CF-9AD6C61BD74A}.AppStore|ARM.Build.0 = Release|ARM
		{58636492-3701-437C-94CF-9AD6C61BD74A}.AppStore|ARM.Deploy.0 = Release|ARM
		{58636492-3701-437C-94CF-9AD6C61BD74A}.AppStore|iPhone.ActiveCfg = Release|x86
		{58636492-3701-437C-94CF-9AD6C61BD74A}.AppStore|iPhone.Build.0 = Release|x86
		{58636492-3701-437C-94CF-9AD6C61BD74A}.AppStore|iPhone.Deploy.0 = Release|x86
		{58636492-3701-437C-94CF-9AD6C61BD74A}.AppStore|iPhoneSimulator.ActiveCfg = Release|x86
		{58636492-3701-437C-94CF-9AD6C61BD74A}.AppStore|iPhoneSimulator.Build.0 = Release|x86
		{58636492-3701-437C-94CF-9AD6C61BD74A}.AppStore|iPhoneSimulator.Deploy.0 = Release|x86
		{58636492-3701-437C-94CF-9AD6C61BD74A}.AppStore|x64.ActiveCfg = Release|x64
		{58636492-3701-437C-94CF-9AD6C61BD74A}.AppStore|x64.Build.0 = Release|x64
		{58636492-3701-437C-94CF-9AD6C61BD74A}.AppStore|x64.Deploy.0 = Release|x64
		{58636492-3701-437C-94CF-9AD6C61BD74A}.AppStore|x86.ActiveCfg = Release|x86
		{58636492-3701-437C-94CF-9AD6C61BD74A}.AppStore|x86.Build.0 = Release|x86
		{58636492-3701-437C-94CF-9AD6C61BD74A}.AppStore|x86.Deploy.0 = Release|x86
		{58636492-3701-437C-94CF-9AD6C61BD74A}.Debug|Any CPU.ActiveCfg = Debug|x86
		{58636492-3701-437C-94CF-9AD6C61BD74A}.Debug|ARM.ActiveCfg = Debug|ARM
		{58636492-3701-437C-94CF-9AD6C61BD74A}.Debug|ARM.Build.0 = Debug|ARM
		{58636492-3701-437C-94CF-9AD6C61BD74A}.Debug|ARM.Deploy.0 = Debug|ARM
		{58636492-3701-437C-94CF-9AD6C61BD74A}.Debug|iPhone.ActiveCfg = Debug|x86
		{58636492-3701-437C-94CF-9AD6C61BD74A}.Debug|iPhoneSimulator.ActiveCfg = Debug|x86
		{58636492-3701-437C-94CF-9AD6C61BD74A}.Debug|x64.ActiveCfg = Debug|x64
		{58636492-3701-437C-94CF-9AD6C61BD74A}.Debug|x64.Build.0 = Debug|x64
		{58636492-3701-437C-94CF-9AD6C61BD74A}.Debug|x64.Deploy.0 = Debug|x64
		{58636492-3701-437C-94CF-9AD6C61BD74A}.Debug|x86.ActiveCfg = Debug|x64
		{58636492-3701-437C-94CF-9AD6C61BD74A}.Debug|x86.Build.0 = Debug|x64
		{58636492-3701-437C-94CF-9AD6C61BD74A}.Debug|x86.Deploy.0 = Debug|x64
		{58636492-3701-437C-94CF-9AD6C61BD74A}.Release|Any CPU.ActiveCfg = Release|x86
		{58636492-3701-437C-94CF-9AD6C61BD74A}.Release|ARM.ActiveCfg = Release|ARM
		{58636492-3701-437C-94CF-9AD6C61BD74A}.Release|ARM.Build.0 = Release|ARM
		{58636492-3701-437C-94CF-9AD6C61BD74A}.Release|ARM.Deploy.0 = Release|ARM
		{58636492-3701-437C-94CF-9AD6C61BD74A}.Release|iPhone.ActiveCfg = Release|x86
		{58636492-3701-437C-94CF-9AD6C61BD74A}.Release|iPhoneSimulator.ActiveCfg = Release|x86
		{58636492-3701-437C-94CF-9AD6C61BD74A}.Release|x64.ActiveCfg = Release|x64
		{58636492-3701-437C-94CF-9AD6C61BD74A}.Release|x64.Build.0 = Release|x64
		{58636492-3701-437C-94CF-9AD6C61BD74A}.Release|x64.Deploy.0 = Release|x64
		{58636492-3701-437C-94CF-9AD6C61BD74A}.Release|x86.ActiveCfg = Release|x86
		{58636492-3701-437C-94CF-9AD6C61BD74A}.Release|x86.Build.0 = Release|x86
		{58636492-3701-437C-94CF-9AD6C61BD74A}.Release|x86.Deploy.0 = Release|x86
		{6E4D2F02-B123-4322-B943-12520639922E}.Ad-Hoc|Any CPU.ActiveCfg = Debug|Any CPU
		{6E4D2F02-B123-4322-B943-12520639922E}.Ad-Hoc|Any CPU.Build.0 = Debug|Any CPU
		{6E4D2F02-B123-4322-B943-12520639922E}.Ad-Hoc|ARM.ActiveCfg = Debug|Any CPU
		{6E4D2F02-B123-4322-B943-12520639922E}.Ad-Hoc|ARM.Build.0 = Debug|Any CPU
		{6E4D2F02-B123-4322-B943-12520639922E}.Ad-Hoc|iPhone.ActiveCfg = Debug|Any CPU
		{6E4D2F02-B123-4322-B943-12520639922E}.Ad-Hoc|iPhone.Build.0 = Debug|Any CPU
		{6E4D2F02-B123-4322-B943-12520639922E}.Ad-Hoc|iPhoneSimulator.ActiveCfg = Debug|Any CPU
		{6E4D2F02-B123-4322-B943-12520639922E}.Ad-Hoc|iPhoneSimulator.Build.0 = Debug|Any CPU
		{6E4D2F02-B123-4322-B943-12520639922E}.Ad-Hoc|x64.ActiveCfg = Debug|Any CPU
		{6E4D2F02-B123-4322-B943-12520639922E}.Ad-Hoc|x64.Build.0 = Debug|Any CPU
		{6E4D2F02-B123-4322-B943-12520639922E}.Ad-Hoc|x86.ActiveCfg = Debug|Any CPU
		{6E4D2F02-B123-4322-B943-12520639922E}.Ad-Hoc|x86.Build.0 = Debug|Any CPU
		{6E4D2F02-B123-4322-B943-12520639922E}.AppStore|Any CPU.ActiveCfg = Debug|Any CPU
		{6E4D2F02-B123-4322-B943-12520639922E}.AppStore|Any CPU.Build.0 = Debug|Any CPU
		{6E4D2F02-B123-4322-B943-12520639922E}.AppStore|ARM.ActiveCfg = Debug|Any CPU
		{6E4D2F02-B123-4322-B943-12520639922E}.AppStore|ARM.Build.0 = Debug|Any CPU
		{6E4D2F02-B123-4322-B943-12520639922E}.AppStore|iPhone.ActiveCfg = Debug|Any CPU
		{6E4D2F02-B123-4322-B943-12520639922E}.AppStore|iPhone.Build.0 = Debug|Any CPU
		{6E4D2F02-B123-4322-B943-12520639922E}.AppStore|iPhoneSimulator.ActiveCfg = Debug|Any CPU
		{6E4D2F02-B123-4322-B943-12520639922E}.AppStore|iPhoneSimulator.Build.0 = Debug|Any CPU
		{6E4D2F02-B123-4322-B943-12520639922E}.AppStore|x64.ActiveCfg = Debug|Any CPU
		{6E4D2F02-B123-4322-B943-12520639922E}.AppStore|x64.Build.0 = Debug|Any CPU
		{6E4D2F02-B123-4322-B943-12520639922E}.AppStore|x86.ActiveCfg = Debug|Any CPU
		{6E4D2F02-B123-4322-B943-12520639922E}.AppStore|x86.Build.0 = Debug|Any CPU
		{6E4D2F02-B123-4322-B943-12520639922E}.Debug|Any CPU.ActiveCfg = Debug|Any CPU
		{6E4D2F02-B123-4322-B943-12520639922E}.Debug|Any CPU.Build.0 = Debug|Any CPU
		{6E4D2F02-B123-4322-B943-12520639922E}.Debug|ARM.ActiveCfg = Debug|Any CPU
		{6E4D2F02-B123-4322-B943-12520639922E}.Debug|ARM.Build.0 = Debug|Any CPU
		{6E4D2F02-B123-4322-B943-12520639922E}.Debug|iPhone.ActiveCfg = Debug|Any CPU
		{6E4D2F02-B123-4322-B943-12520639922E}.Debug|iPhone.Build.0 = Debug|Any CPU
		{6E4D2F02-B123-4322-B943-12520639922E}.Debug|iPhoneSimulator.ActiveCfg = Debug|Any CPU
		{6E4D2F02-B123-4322-B943-12520639922E}.Debug|iPhoneSimulator.Build.0 = Debug|Any CPU
		{6E4D2F02-B123-4322-B943-12520639922E}.Debug|x64.ActiveCfg = Debug|Any CPU
		{6E4D2F02-B123-4322-B943-12520639922E}.Debug|x64.Build.0 = Debug|Any CPU
		{6E4D2F02-B123-4322-B943-12520639922E}.Debug|x86.ActiveCfg = Debug|Any CPU
		{6E4D2F02-B123-4322-B943-12520639922E}.Debug|x86.Build.0 = Debug|Any CPU
		{6E4D2F02-B123-4322-B943-12520639922E}.Release|Any CPU.ActiveCfg = Release|Any CPU
		{6E4D2F02-B123-4322-B943-12520639922E}.Release|Any CPU.Build.0 = Release|Any CPU
		{6E4D2F02-B123-4322-B943-12520639922E}.Release|ARM.ActiveCfg = Release|Any CPU
		{6E4D2F02-B123-4322-B943-12520639922E}.Release|ARM.Build.0 = Release|Any CPU
		{6E4D2F02-B123-4322-B943-12520639922E}.Release|iPhone.ActiveCfg = Release|Any CPU
		{6E4D2F02-B123-4322-B943-12520639922E}.Release|iPhone.Build.0 = Release|Any CPU
		{6E4D2F02-B123-4322-B943-12520639922E}.Release|iPhoneSimulator.ActiveCfg = Release|Any CPU
		{6E4D2F02-B123-4322-B943-12520639922E}.Release|iPhoneSimulator.Build.0 = Release|Any CPU
		{6E4D2F02-B123-4322-B943-12520639922E}.Release|x64.ActiveCfg = Release|Any CPU
		{6E4D2F02-B123-4322-B943-12520639922E}.Release|x64.Build.0 = Release|Any CPU
		{6E4D2F02-B123-4322-B943-12520639922E}.Release|x86.ActiveCfg = Release|Any CPU
		{6E4D2F02-B123-4322-B943-12520639922E}.Release|x86.Build.0 = Release|Any CPU
	EndGlobalSection
	GlobalSection(SolutionProperties) = preSolution
		HideSolutionNode = FALSE
	EndGlobalSection
	GlobalSection(ExtensibilityGlobals) = postSolution
		SolutionGuid = {41D1169A-F934-46ED-B0A4-BD97C51EA72D}
	EndGlobalSection
	GlobalSection(TeamFoundationVersionControl) = preSolution
		SccNumberOfProjects = 5
		SccEnterpriseProvider = {4CA58AB2-18FA-4F8D-95D4-32DDF27D184C}
		SccTeamFoundationServer = https://wesley-lima.visualstudio.com/
		SccLocalPath0 = .
		SccProjectUniqueName1 = BebaAgua\\BebaAgua.Android\\BebaAgua.Android.csproj
		SccProjectName1 = BebaAgua/BebaAgua.Android
		SccLocalPath1 = BebaAgua\\BebaAgua.Android
		SccProjectUniqueName2 = BebaAgua\\BebaAgua.iOS\\BebaAgua.iOS.csproj
		SccProjectName2 = BebaAgua/BebaAgua.iOS
		SccLocalPath2 = BebaAgua\\BebaAgua.iOS
		SccProjectUniqueName3 = BebaAgua\\BebaAgua.UWP\\BebaAgua.UWP.csproj
		SccProjectName3 = BebaAgua/BebaAgua.UWP
		SccLocalPath3 = BebaAgua\\BebaAgua.UWP
		SccProjectUniqueName4 = BebaAgua\\BebaAgua\\BebaAgua.csproj
		SccProjectName4 = BebaAgua/BebaAgua
		SccLocalPath4 = BebaAgua\\BebaAgua
	EndGlobalSection
EndGlobal
